// !$*UTF8*$!
{
	archiveVersion = 1;
	classes = {
	};
	objectVersion = 51;
	objects = {

/* Begin PBXBuildFile section */
		6D8D20CB57A5BF859A4037CA /* Pods_myExpensesApp.framework in Frameworks */ = {isa = PBXBuildFile; fileRef = 5E71A3325BEAC624E482281A /* Pods_myExpensesApp.framework */; };
		AE5F1E79245AE9BE006CD07C /* AppDelegate.swift in Sources */ = {isa = PBXBuildFile; fileRef = AE5F1E78245AE9BE006CD07C /* AppDelegate.swift */; };
		AE5F1E7B245AE9BE006CD07C /* SceneDelegate.swift in Sources */ = {isa = PBXBuildFile; fileRef = AE5F1E7A245AE9BE006CD07C /* SceneDelegate.swift */; };
		AE5F1E80245AE9BE006CD07C /* Main.storyboard in Resources */ = {isa = PBXBuildFile; fileRef = AE5F1E7E245AE9BE006CD07C /* Main.storyboard */; };
		AE5F1E82245AE9C0006CD07C /* Assets.xcassets in Resources */ = {isa = PBXBuildFile; fileRef = AE5F1E81245AE9C0006CD07C /* Assets.xcassets */; };
		AE5F1E85245AE9C0006CD07C /* LaunchScreen.storyboard in Resources */ = {isa = PBXBuildFile; fileRef = AE5F1E83245AE9C0006CD07C /* LaunchScreen.storyboard */; };
		AE5F1E90245AE9FB006CD07C /* MainController.swift in Sources */ = {isa = PBXBuildFile; fileRef = AE5F1E8F245AE9FB006CD07C /* MainController.swift */; };
		AE5F1E96245AF055006CD07C /* RealmService.swift in Sources */ = {isa = PBXBuildFile; fileRef = AE5F1E95245AF055006CD07C /* RealmService.swift */; };
		AE5F1E99245AF23F006CD07C /* UIView+Extension.swift in Sources */ = {isa = PBXBuildFile; fileRef = AE5F1E98245AF23F006CD07C /* UIView+Extension.swift */; };
		AE5F1E9B245AFC63006CD07C /* HistoryTransactionViewCell.swift in Sources */ = {isa = PBXBuildFile; fileRef = AE5F1E9A245AFC63006CD07C /* HistoryTransactionViewCell.swift */; };
		AE5F1E9D245AFD64006CD07C /* EntityModel.swift in Sources */ = {isa = PBXBuildFile; fileRef = AE5F1E9C245AFD64006CD07C /* EntityModel.swift */; };
		AECA405F24C3FFD400AF6968 /* image1.png in Resources */ = {isa = PBXBuildFile; fileRef = AECA405E24C3FFD400AF6968 /* image1.png */; };
		AECA406124C3FFDE00AF6968 /* image2.png in Resources */ = {isa = PBXBuildFile; fileRef = AECA406024C3FFDE00AF6968 /* image2.png */; };
		AECA406324C3FFE600AF6968 /* image3.png in Resources */ = {isa = PBXBuildFile; fileRef = AECA406224C3FFE600AF6968 /* image3.png */; };
		AECA406524C4002400AF6968 /* image4.png in Resources */ = {isa = PBXBuildFile; fileRef = AECA406424C4002300AF6968 /* image4.png */; };
/* End PBXBuildFile section */

/* Begin PBXFileReference section */
		58013445AEB21BD8E4B6630A /* Pods-myExpensesApp.debug.xcconfig */ = {isa = PBXFileReference; includeInIndex = 1; lastKnownFileType = text.xcconfig; name = "Pods-myExpensesApp.debug.xcconfig"; path = "Target Support Files/Pods-myExpensesApp/Pods-myExpensesApp.debug.xcconfig"; sourceTree = "<group>"; };
		5E71A3325BEAC624E482281A /* Pods_myExpensesApp.framework */ = {isa = PBXFileReference; explicitFileType = wrapper.framework; includeInIndex = 0; path = Pods_myExpensesApp.framework; sourceTree = BUILT_PRODUCTS_DIR; };
		AE5F1E75245AE9BE006CD07C /* myExpensesApp.app */ = {isa = PBXFileReference; explicitFileType = wrapper.application; includeInIndex = 0; path = myExpensesApp.app; sourceTree = BUILT_PRODUCTS_DIR; };
		AE5F1E78245AE9BE006CD07C /* AppDelegate.swift */ = {isa = PBXFileReference; lastKnownFileType = sourcecode.swift; path = AppDelegate.swift; sourceTree = "<group>"; };
		AE5F1E7A245AE9BE006CD07C /* SceneDelegate.swift */ = {isa = PBXFileReference; lastKnownFileType = sourcecode.swift; path = SceneDelegate.swift; sourceTree = "<group>"; };
		AE5F1E7F245AE9BE006CD07C /* Base */ = {isa = PBXFileReference; lastKnownFileType = file.storyboard; name = Base; path = Base.lproj/Main.storyboard; sourceTree = "<group>"; };
		AE5F1E81245AE9C0006CD07C /* Assets.xcassets */ = {isa = PBXFileReference; lastKnownFileType = folder.assetcatalog; path = Assets.xcassets; sourceTree = "<group>"; };
		AE5F1E84245AE9C0006CD07C /* Base */ = {isa = PBXFileReference; lastKnownFileType = file.storyboard; name = Base; path = Base.lproj/LaunchScreen.storyboard; sourceTree = "<group>"; };
		AE5F1E86245AE9C0006CD07C /* Info.plist */ = {isa = PBXFileReference; lastKnownFileType = text.plist.xml; path = Info.plist; sourceTree = "<group>"; };
		AE5F1E8F245AE9FB006CD07C /* MainController.swift */ = {isa = PBXFileReference; lastKnownFileType = sourcecode.swift; path = MainController.swift; sourceTree = "<group>"; };
		AE5F1E95245AF055006CD07C /* RealmService.swift */ = {isa = PBXFileReference; lastKnownFileType = sourcecode.swift; path = RealmService.swift; sourceTree = "<group>"; };
		AE5F1E98245AF23F006CD07C /* UIView+Extension.swift */ = {isa = PBXFileReference; lastKnownFileType = sourcecode.swift; path = "UIView+Extension.swift"; sourceTree = "<group>"; };
		AE5F1E9A245AFC63006CD07C /* HistoryTransactionViewCell.swift */ = {isa = PBXFileReference; lastKnownFileType = sourcecode.swift; path = HistoryTransactionViewCell.swift; sourceTree = "<group>"; };
		AE5F1E9C245AFD64006CD07C /* EntityModel.swift */ = {isa = PBXFileReference; lastKnownFileType = sourcecode.swift; path = EntityModel.swift; sourceTree = "<group>"; };
		AECA405E24C3FFD400AF6968 /* image1.png */ = {isa = PBXFileReference; lastKnownFileType = image.png; path = image1.png; sourceTree = "<group>"; };
		AECA406024C3FFDE00AF6968 /* image2.png */ = {isa = PBXFileReference; lastKnownFileType = image.png; path = image2.png; sourceTree = "<group>"; };
		AECA406224C3FFE600AF6968 /* image3.png */ = {isa = PBXFileReference; lastKnownFileType = image.png; path = image3.png; sourceTree = "<group>"; };
		AECA406424C4002300AF6968 /* image4.png */ = {isa = PBXFileReference; lastKnownFileType = image.png; path = image4.png; sourceTree = "<group>"; };
		E4DB5677CEB065533C88886F /* Pods-myExpensesApp.release.xcconfig */ = {isa = PBXFileReference; includeInIndex = 1; lastKnownFileType = text.xcconfig; name = "Pods-myExpensesApp.release.xcconfig"; path = "Target Support Files/Pods-myExpensesApp/Pods-myExpensesApp.release.xcconfig"; sourceTree = "<group>"; };
/* End PBXFileReference section */

/* Begin PBXFrameworksBuildPhase section */
		AE5F1E72245AE9BE006CD07C /* Frameworks */ = {
			isa = PBXFrameworksBuildPhase;
			buildActionMask = 2147483647;
			files = (
				6D8D20CB57A5BF859A4037CA /* Pods_myExpensesApp.framework in Frameworks */,
			);
			runOnlyForDeploymentPostprocessing = 0;
		};
/* End PBXFrameworksBuildPhase section */

/* Begin PBXGroup section */
		215A754AAEA1264778645A3D /* Frameworks */ = {
			isa = PBXGroup;
			children = (
				5E71A3325BEAC624E482281A /* Pods_myExpensesApp.framework */,
			);
			name = Frameworks;
			sourceTree = "<group>";
		};
		AE5F1E6C245AE9BE006CD07C = {
			isa = PBXGroup;
			children = (
				AE5F1E77245AE9BE006CD07C /* myExpensesApp */,
				AE5F1E76245AE9BE006CD07C /* Products */,
				E8D93BD405B24D41F5970883 /* Pods */,
				215A754AAEA1264778645A3D /* Frameworks */,
			);
			sourceTree = "<group>";
		};
		AE5F1E76245AE9BE006CD07C /* Products */ = {
			isa = PBXGroup;
			children = (
				AE5F1E75245AE9BE006CD07C /* myExpensesApp.app */,
			);
			name = Products;
			sourceTree = "<group>";
		};
		AE5F1E77245AE9BE006CD07C /* myExpensesApp */ = {
			isa = PBXGroup;
			children = (
				AECA405D24C3FFC700AF6968 /* images */,
				AE5F1E8E245AE9DA006CD07C /* Model */,
				AE5F1E8D245AE9D6006CD07C /* View */,
				AE5F1E8C245AE9CB006CD07C /* Controller */,
				AE5F1E93245AEA92006CD07C /* Realm Service */,
				AE5F1E91245AEA77006CD07C /* Common */,
				AE5F1E78245AE9BE006CD07C /* AppDelegate.swift */,
				AE5F1E7A245AE9BE006CD07C /* SceneDelegate.swift */,
				AE5F1E81245AE9C0006CD07C /* Assets.xcassets */,
				AE5F1E86245AE9C0006CD07C /* Info.plist */,
			);
			path = myExpensesApp;
			sourceTree = "<group>";
		};
		AE5F1E8C245AE9CB006CD07C /* Controller */ = {
			isa = PBXGroup;
			children = (
				AE5F1E8F245AE9FB006CD07C /* MainController.swift */,
			);
			path = Controller;
			sourceTree = "<group>";
		};
		AE5F1E8D245AE9D6006CD07C /* View */ = {
			isa = PBXGroup;
			children = (
				AE5F1E9A245AFC63006CD07C /* HistoryTransactionViewCell.swift */,
			);
			path = View;
			sourceTree = "<group>";
		};
		AE5F1E8E245AE9DA006CD07C /* Model */ = {
			isa = PBXGroup;
			children = (
				AE5F1E9C245AFD64006CD07C /* EntityModel.swift */,
			);
			path = Model;
			sourceTree = "<group>";
		};
		AE5F1E91245AEA77006CD07C /* Common */ = {
			isa = PBXGroup;
			children = (
				AE5F1E92245AEA89006CD07C /* Extensions */,
				AE5F1E94245AEAB4006CD07C /* Storyboard */,
			);
			path = Common;
			sourceTree = "<group>";
		};
		AE5F1E92245AEA89006CD07C /* Extensions */ = {
			isa = PBXGroup;
			children = (
				AE5F1E98245AF23F006CD07C /* UIView+Extension.swift */,
			);
			path = Extensions;
			sourceTree = "<group>";
		};
		AE5F1E93245AEA92006CD07C /* Realm Service */ = {
			isa = PBXGroup;
			children = (
				AE5F1E95245AF055006CD07C /* RealmService.swift */,
			);
			path = "Realm Service";
			sourceTree = "<group>";
		};
		AE5F1E94245AEAB4006CD07C /* Storyboard */ = {
			isa = PBXGroup;
			children = (
				AE5F1E7E245AE9BE006CD07C /* Main.storyboard */,
				AE5F1E83245AE9C0006CD07C /* LaunchScreen.storyboard */,
			);
			path = Storyboard;
			sourceTree = "<group>";
		};
		AECA405D24C3FFC700AF6968 /* images */ = {
			isa = PBXGroup;
			children = (
				AECA405E24C3FFD400AF6968 /* image1.png */,
				AECA406024C3FFDE00AF6968 /* image2.png */,
				AECA406224C3FFE600AF6968 /* image3.png */,
				AECA406424C4002300AF6968 /* image4.png */,
			);
			path = images;
			sourceTree = "<group>";
		};
		E8D93BD405B24D41F5970883 /* Pods */ = {
			isa = PBXGroup;
			children = (
				58013445AEB21BD8E4B6630A /* Pods-myExpensesApp.debug.xcconfig */,
				E4DB5677CEB065533C88886F /* Pods-myExpensesApp.release.xcconfig */,
			);
			path = Pods;
			sourceTree = "<group>";
		};
/* End PBXGroup section */

/* Begin PBXNativeTarget section */
		AE5F1E74245AE9BE006CD07C /* myExpensesApp */ = {
			isa = PBXNativeTarget;
			buildConfigurationList = AE5F1E89245AE9C0006CD07C /* Build configuration list for PBXNativeTarget "myExpensesApp" */;
			buildPhases = (
				E60E4AF1E542375D5950E7EC /* [CP] Check Pods Manifest.lock */,
				AE5F1E71245AE9BE006CD07C /* Sources */,
				AE5F1E72245AE9BE006CD07C /* Frameworks */,
				AE5F1E73245AE9BE006CD07C /* Resources */,
				168DF358CA2F1C739828EC7C /* [CP] Embed Pods Frameworks */,
			);
			buildRules = (
			);
			dependencies = (
			);
			name = myExpensesApp;
			productName = myExpensesApp;
			productReference = AE5F1E75245AE9BE006CD07C /* myExpensesApp.app */;
			productType = "com.apple.product-type.application";
		};
/* End PBXNativeTarget section */

/* Begin PBXProject section */
		AE5F1E6D245AE9BE006CD07C /* Project object */ = {
			isa = PBXProject;
			attributes = {
				LastSwiftUpdateCheck = 1130;
				LastUpgradeCheck = 1130;
				ORGANIZATIONNAME = rau4o;
				TargetAttributes = {
					AE5F1E74245AE9BE006CD07C = {
						CreatedOnToolsVersion = 11.3.1;
					};
				};
			};
			buildConfigurationList = AE5F1E70245AE9BE006CD07C /* Build configuration list for PBXProject "myExpensesApp" */;
			compatibilityVersion = "Xcode 9.3";
			developmentRegion = en;
			hasScannedForEncodings = 0;
			knownRegions = (
				en,
				Base,
			);
			mainGroup = AE5F1E6C245AE9BE006CD07C;
			productRefGroup = AE5F1E76245AE9BE006CD07C /* Products */;
			projectDirPath = "";
			projectRoot = "";
			targets = (
				AE5F1E74245AE9BE006CD07C /* myExpensesApp */,
			);
		};
/* End PBXProject section */

/* Begin PBXResourcesBuildPhase section */
		AE5F1E73245AE9BE006CD07C /* Resources */ = {
			isa = PBXResourcesBuildPhase;
			buildActionMask = 2147483647;
			files = (
				AECA405F24C3FFD400AF6968 /* image1.png in Resources */,
				AECA406524C4002400AF6968 /* image4.png in Resources */,
				AE5F1E85245AE9C0006CD07C /* LaunchScreen.storyboard in Resources */,
				AECA406124C3FFDE00AF6968 /* image2.png in Resources */,
				AECA406324C3FFE600AF6968 /* image3.png in Resources */,
				AE5F1E82245AE9C0006CD07C /* Assets.xcassets in Resources */,
				AE5F1E80245AE9BE006CD07C /* Main.storyboard in Resources */,
			);
			runOnlyForDeploymentPostprocessing = 0;
		};
/* End PBXResourcesBuildPhase section */

/* Begin PBXShellScriptBuildPhase section */
		168DF358CA2F1C739828EC7C /* [CP] Embed Pods Frameworks */ = {
			isa = PBXShellScriptBuildPhase;
			buildActionMask = 2147483647;
			files = (
			);
			inputFileListPaths = (
				"${PODS_ROOT}/Target Support Files/Pods-myExpensesApp/Pods-myExpensesApp-frameworks-${CONFIGURATION}-input-files.xcfilelist",
			);
			name = "[CP] Embed Pods Frameworks";
			outputFileListPaths = (
				"${PODS_ROOT}/Target Support Files/Pods-myExpensesApp/Pods-myExpensesApp-frameworks-${CONFIGURATION}-output-files.xcfilelist",
			);
			runOnlyForDeploymentPostprocessing = 0;
			shellPath = /bin/sh;
			shellScript = "\"${PODS_ROOT}/Target Support Files/Pods-myExpensesApp/Pods-myExpensesApp-frameworks.sh\"\n";
			showEnvVarsInLog = 0;
		};
		E60E4AF1E542375D5950E7EC /* [CP] Check Pods Manifest.lock */ = {
			isa = PBXShellScriptBuildPhase;
			buildActionMask = 2147483647;
			files = (
			);
			inputFileListPaths = (
			);
			inputPaths = (
				"${PODS_PODFILE_DIR_PATH}/Podfile.lock",
				"${PODS_ROOT}/Manifest.lock",
			);
			name = "[CP] Check Pods Manifest.lock";
			outputFileListPaths = (
			);
			outputPaths = (
				"$(DERIVED_FILE_DIR)/Pods-myExpensesApp-checkManifestLockResult.txt",
			);
			runOnlyForDeploymentPostprocessing = 0;
			shellPath = /bin/sh;
			shellScript = "diff \"${PODS_PODFILE_DIR_PATH}/Podfile.lock\" \"${PODS_ROOT}/Manifest.lock\" > /dev/null\nif [ $? != 0 ] ; then\n    # print error to STDERR\n    echo \"error: The sandbox is not in sync with the Podfile.lock. Run 'pod install' or update your CocoaPods installation.\" >&2\n    exit 1\nfi\n# This output is used by Xcode 'outputs' to avoid re-running this script phase.\necho \"SUCCESS\" > \"${SCRIPT_OUTPUT_FILE_0}\"\n";
			showEnvVarsInLog = 0;
		};
/* End PBXShellScriptBuildPhase section */

/* Begin PBXSourcesBuildPhase section */
		AE5F1E71245AE9BE006CD07C /* Sources */ = {
			isa = PBXSourcesBuildPhase;
			buildActionMask = 2147483647;
			files = (
				AE5F1E9D245AFD64006CD07C /* EntityModel.swift in Sources */,
				AE5F1E90245AE9FB006CD07C /* MainController.swift in Sources */,
				AE5F1E79245AE9BE006CD07C /* AppDelegate.swift in Sources */,
				AE5F1E7B245AE9BE006CD07C /* SceneDelegate.swift in Sources */,
				AE5F1E99245AF23F006CD07C /* UIView+Extension.swift in Sources */,
				AE5F1E9B245AFC63006CD07C /* HistoryTransactionViewCell.swift in Sources */,
				AE5F1E96245AF055006CD07C /* RealmService.swift in Sources */,
			);
			runOnlyForDeploymentPostprocessing = 0;
		};
/* End PBXSourcesBuildPhase section */

/* Begin PBXVariantGroup section */
		AE5F1E7E245AE9BE006CD07C /* Main.storyboard */ = {
			isa = PBXVariantGroup;
			children = (
				AE5F1E7F245AE9BE006CD07C /* Base */,
			);
			name = Main.storyboard;
			sourceTree = "<group>";
		};
		AE5F1E83245AE9C0006CD07C /* LaunchScreen.storyboard */ = {
			isa = PBXVariantGroup;
			children = (
				AE5F1E84245AE9C0006CD07C /* Base */,
			);
			name = LaunchScreen.storyboard;
			sourceTree = "<group>";
		};
/* End PBXVariantGroup section */

/* Begin XCBuildConfiguration section */
		AE5F1E87245AE9C0006CD07C /* Debug */ = {
			isa = XCBuildConfiguration;
			buildSettings = {
				ALWAYS_SEARCH_USER_PATHS = NO;
				CLANG_ANALYZER_NONNULL = YES;
				CLANG_ANALYZER_NUMBER_OBJECT_CONVERSION = YES_AGGRESSIVE;
				CLANG_CXX_LANGUAGE_STANDARD = "gnu++14";
				CLANG_CXX_LIBRARY = "libc++";
				CLANG_ENABLE_MODULES = YES;
				CLANG_ENABLE_OBJC_ARC = YES;
				CLANG_ENABLE_OBJC_WEAK = YES;
				CLANG_WARN_BLOCK_CAPTURE_AUTORELEASING = YES;
				CLANG_WARN_BOOL_CONVERSION = YES;
				CLANG_WARN_COMMA = YES;
				CLANG_WARN_CONSTANT_CONVERSION = YES;
				CLANG_WARN_DEPRECATED_OBJC_IMPLEMENTATIONS = YES;
				CLANG_WARN_DIRECT_OBJC_ISA_USAGE = YES_ERROR;
				CLANG_WARN_DOCUMENTATION_COMMENTS = YES;
				CLANG_WARN_EMPTY_BODY = YES;
				CLANG_WARN_ENUM_CONVERSION = YES;
				CLANG_WARN_INFINITE_RECURSION = YES;
				CLANG_WARN_INT_CONVERSION = YES;
				CLANG_WARN_NON_LITERAL_NULL_CONVERSION = YES;
				CLANG_WARN_OBJC_IMPLICIT_RETAIN_SELF = YES;
				CLANG_WARN_OBJC_LITERAL_CONVERSION = YES;
				CLANG_WARN_OBJC_ROOT_CLASS = YES_ERROR;
				CLANG_WARN_RANGE_LOOP_ANALYSIS = YES;
				CLANG_WARN_STRICT_PROTOTYPES = YES;
				CLANG_WARN_SUSPICIOUS_MOVE = YES;
				CLANG_WARN_UNGUARDED_AVAILABILITY = YES_AGGRESSIVE;
				CLANG_WARN_UNREACHABLE_CODE = YES;
				CLANG_WARN__DUPLICATE_METHOD_MATCH = YES;
				COPY_PHASE_STRIP = NO;
				DEBUG_INFORMATION_FORMAT = dwarf;
				ENABLE_STRICT_OBJC_MSGSEND = YES;
				ENABLE_TESTABILITY = YES;
				GCC_C_LANGUAGE_STANDARD = gnu11;
				GCC_DYNAMIC_NO_PIC = NO;
				GCC_NO_COMMON_BLOCKS = YES;
				GCC_OPTIMIZATION_LEVEL = 0;
				GCC_PREPROCESSOR_DEFINITIONS = (
					"DEBUG=1",
					"$(inherited)",
				);
				GCC_WARN_64_TO_32_BIT_CONVERSION = YES;
				GCC_WARN_ABOUT_RETURN_TYPE = YES_ERROR;
				GCC_WARN_UNDECLARED_SELECTOR = YES;
				GCC_WARN_UNINITIALIZED_AUTOS = YES_AGGRESSIVE;
				GCC_WARN_UNUSED_FUNCTION = YES;
				GCC_WARN_UNUSED_VARIABLE = YES;
				IPHONEOS_DEPLOYMENT_TARGET = 13.2;
				MTL_ENABLE_DEBUG_INFO = INCLUDE_SOURCE;
				MTL_FAST_MATH = YES;
				ONLY_ACTIVE_ARCH = YES;
				SDKROOT = iphoneos;
				SWIFT_ACTIVE_COMPILATION_CONDITIONS = DEBUG;
				SWIFT_OPTIMIZATION_LEVEL = "-Onone";
			};
			name = Debug;
		};
		AE5F1E88245AE9C0006CD07C /* Release */ = {
			isa = XCBuildConfiguration;
			buildSettings = {
				ALWAYS_SEARCH_USER_PATHS = NO;
				CLANG_ANALYZER_NONNULL = YES;
				CLANG_ANALYZER_NUMBER_OBJECT_CONVERSION = YES_AGGRESSIVE;
				CLANG_CXX_LANGUAGE_STANDARD = "gnu++14";
				CLANG_CXX_LIBRARY = "libc++";
				CLANG_ENABLE_MODULES = YES;
				CLANG_ENABLE_OBJC_ARC = YES;
				CLANG_ENABLE_OBJC_WEAK = YES;
				CLANG_WARN_BLOCK_CAPTURE_AUTORELEASING = YES;
				CLANG_WARN_BOOL_CONVERSION = YES;
				CLANG_WARN_COMMA = YES;
				CLANG_WARN_CONSTANT_CONVERSION = YES;
				CLANG_WARN_DEPRECATED_OBJC_IMPLEMENTATIONS = YES;
				CLANG_WARN_DIRECT_OBJC_ISA_USAGE = YES_ERROR;
				CLANG_WARN_DOCUMENTATION_COMMENTS = YES;
				CLANG_WARN_EMPTY_BODY = YES;
				CLANG_WARN_ENUM_CONVERSION = YES;
				CLANG_WARN_INFINITE_RECURSION = YES;
				CLANG_WARN_INT_CONVERSION = YES;
				CLANG_WARN_NON_LITERAL_NULL_CONVERSION = YES;
				CLANG_WARN_OBJC_IMPLICIT_RETAIN_SELF = YES;
				CLANG_WARN_OBJC_LITERAL_CONVERSION = YES;
				CLANG_WARN_OBJC_ROOT_CLASS = YES_ERROR;
				CLANG_WARN_RANGE_LOOP_ANALYSIS = YES;
				CLANG_WARN_STRICT_PROTOTYPES = YES;
				CLANG_WARN_SUSPICIOUS_MOVE = YES;
				CLANG_WARN_UNGUARDED_AVAILABILITY = YES_AGGRESSIVE;
				CLANG_WARN_UNREACHABLE_CODE = YES;
				CLANG_WARN__DUPLICATE_METHOD_MATCH = YES;
				COPY_PHASE_STRIP = NO;
				DEBUG_INFORMATION_FORMAT = "dwarf-with-dsym";
				ENABLE_NS_ASSERTIONS = NO;
				ENABLE_STRICT_OBJC_MSGSEND = YES;
				GCC_C_LANGUAGE_STANDARD = gnu11;
				GCC_NO_COMMON_BLOCKS = YES;
				GCC_WARN_64_TO_32_BIT_CONVERSION = YES;
				GCC_WARN_ABOUT_RETURN_TYPE = YES_ERROR;
				GCC_WARN_UNDECLARED_SELECTOR = YES;
				GCC_WARN_UNINITIALIZED_AUTOS = YES_AGGRESSIVE;
				GCC_WARN_UNUSED_FUNCTION = YES;
				GCC_WARN_UNUSED_VARIABLE = YES;
				IPHONEOS_DEPLOYMENT_TARGET = 13.2;
				MTL_ENABLE_DEBUG_INFO = NO;
				MTL_FAST_MATH = YES;
				SDKROOT = iphoneos;
				SWIFT_COMPILATION_MODE = wholemodule;
				SWIFT_OPTIMIZATION_LEVEL = "-O";
				VALIDATE_PRODUCT = YES;
			};
			name = Release;
		};
		AE5F1E8A245AE9C0006CD07C /* Debug */ = {
			isa = XCBuildConfiguration;
			baseConfigurationReference = 58013445AEB21BD8E4B6630A /* Pods-myExpensesApp.debug.xcconfig */;
			buildSettings = {
				ASSETCATALOG_COMPILER_APPICON_NAME = AppIcon;
				CODE_SIGN_STYLE = Automatic;
				DEVELOPMENT_TEAM = FATE3AU2ZJ;
				INFOPLIST_FILE = myExpensesApp/Info.plist;
				LD_RUNPATH_SEARCH_PATHS = (
					"$(inherited)",
					"@executable_path/Frameworks",
				);
				PRODUCT_BUNDLE_IDENTIFIER = APS.myExpensesApp;
				PRODUCT_NAME = "$(TARGET_NAME)";
				SWIFT_VERSION = 5.0;
				TARGETED_DEVICE_FAMILY = "1,2";
			};
			name = Debug;
		};
		AE5F1E8B245AE9C0006CD07C /* Release */ = {
			isa = XCBuildConfiguration;
			baseConfigurationReference = E4DB5677CEB065533C88886F /* Pods-myExpensesApp.release.xcconfig */;
			buildSettings = {
				ASSETCATALOG_COMPILER_APPICON_NAME = AppIcon;
				CODE_SIGN_STYLE = Automatic;
				DEVELOPMENT_TEAM = FATE3AU2ZJ;
				INFOPLIST_FILE = myExpensesApp/Info.plist;
				LD_RUNPATH_SEARCH_PATHS = (
					"$(inherited)",
					"@executable_path/Frameworks",
				);
				PRODUCT_BUNDLE_IDENTIFIER = APS.myExpensesApp;
				PRODUCT_NAME = "$(TARGET_NAME)";
				SWIFT_VERSION = 5.0;
				TARGETED_DEVICE_FAMILY = "1,2";
			};
			name = Release;
		};
/* End XCBuildConfiguration section */

/* Begin XCConfigurationList section */
		AE5F1E70245AE9BE006CD07C /* Build configuration list for PBXProject "myExpensesApp" */ = {
			isa = XCConfigurationList;
			buildConfigurations = (
				AE5F1E87245AE9C0006CD07C /* Debug */,
				AE5F1E88245AE9C0006CD07C /* Release */,
			);
			defaultConfigurationIsVisible = 0;
			defaultConfigurationName = Release;
		};
		AE5F1E89245AE9C0006CD07C /* Build configuration list for PBXNativeTarget "myExpensesApp" */ = {
			isa = XCConfigurationList;
			buildConfigurations = (
				AE5F1E8A245AE9C0006CD07C /* Debug */,
				AE5F1E8B245AE9C0006CD07C /* Release */,
			);
			defaultConfigurationIsVisible = 0;
			defaultConfigurationName = Release;
		};
/* End XCConfigurationList section */
	};
	rootObject = AE5F1E6D245AE9BE006CD07C /* Project object */;
}
